
Microsoft Visual Studio Solution File, Format Version 12.00
# Visual Studio Version 17
VisualStudioVersion = 17.11.35222.181
MinimumVisualStudioVersion = 10.0.40219.1
Project("{FAE04EC0-301F-11D3-BF4B-00C04F79EFBC}") = "MHF", "MHF\MHF.csproj", "{40CFDA4A-AD5B-480B-83C1-57A28EA2B9C3}"
EndProject
Global
	GlobalSection(SolutionConfigurationPlatforms) = preSolution
		Debug|Any CPU = Debug|Any CPU
		Release|Any CPU = Release|Any CPU
	EndGlobalSection
	GlobalSection(ProjectConfigurationPlatforms) = postSolution
		{40CFDA4A-AD5B-480B-83C1-57A28EA2B9C3}.Debug|Any CPU.ActiveCfg = Debug|Any CPU
		{40CFDA4A-AD5B-480B-83C1-57A28EA2B9C3}.Debug|Any CPU.Build.0 = Debug|Any CPU
		{40CFDA4A-AD5B-480B-83C1-57A28EA2B9C3}.Release|Any CPU.ActiveCfg = Release|Any CPU
		{40CFDA4A-AD5B-480B-83C1-57A28EA2B9C3}.Release|Any CPU.Build.0 = Release|Any CPU
	EndGlobalSection
	GlobalSection(SolutionProperties) = preSolution
		HideSolutionNode = FALSE
	EndGlobalSection
	GlobalSection(ExtensibilityGlobals) = postSolution
		SolutionGuid = {2C340E14-CC07-413E-9C9C-1188A8BAE5BD}
	EndGlobalSection
EndGlobal
